
Microsoft Visual Studio Solution File, Format Version 12.00
# Visual Studio Version 17
VisualStudioVersion = 17.5.002.0
MinimumVisualStudioVersion = 10.0.40219.1
Project("{2150E333-8FDC-42A3-9474-1A3956D46DE8}") = "auth", "auth", "{8A884207-74D6-4296-B1B7-D683DB34AAF5}"
EndProject
Project("{2150E333-8FDC-42A3-9474-1A3956D46DE8}") = "kerberos", "kerberos", "{05CB5CE3-1D7E-4892-9BCD-A4A9D7653B9E}"
EndProject
Project("{2150E333-8FDC-42A3-9474-1A3956D46DE8}") = "src", "src", "{4425A6D4-FF21-479F-833D-FBD947E7FAE1}"
EndProject
Project("{9A19103F-16F7-4668-BE54-9A1E7A4F7556}") = "utf16_decode", "auth\kerberos\src\utf16_decode\utf16_decode.csproj", "{AF2BBE9B-4753-4CCC-8BB4-3AE7384E52F3}"
EndProject
Global
	GlobalSection(SolutionConfigurationPlatforms) = preSolution
		Debug|Any CPU = Debug|Any CPU
		Release|Any CPU = Release|Any CPU
	EndGlobalSection
	GlobalSection(ProjectConfigurationPlatforms) = postSolution
		{AF2BBE9B-4753-4CCC-8BB4-3AE7384E52F3}.Debug|Any CPU.ActiveCfg = Debug|Any CPU
		{AF2BBE9B-4753-4CCC-8BB4-3AE7384E52F3}.Debug|Any CPU.Build.0 = Debug|Any CPU
		{AF2BBE9B-4753-4CCC-8BB4-3AE7384E52F3}.Release|Any CPU.ActiveCfg = Release|Any CPU
		{AF2BBE9B-4753-4CCC-8BB4-3AE7384E52F3}.Release|Any CPU.Build.0 = Release|Any CPU
	EndGlobalSection
	GlobalSection(SolutionProperties) = preSolution
		HideSolutionNode = FALSE
	EndGlobalSection
	GlobalSection(NestedProjects) = preSolution
		{05CB5CE3-1D7E-4892-9BCD-A4A9D7653B9E} = {8A884207-74D6-4296-B1B7-D683DB34AAF5}
		{4425A6D4-FF21-479F-833D-FBD947E7FAE1} = {05CB5CE3-1D7E-4892-9BCD-A4A9D7653B9E}
		{AF2BBE9B-4753-4CCC-8BB4-3AE7384E52F3} = {4425A6D4-FF21-479F-833D-FBD947E7FAE1}
	EndGlobalSection
	GlobalSection(ExtensibilityGlobals) = postSolution
		SolutionGuid = {4139A414-A410-49BA-A9FC-2BC6095799E0}
	EndGlobalSection
EndGlobal
